// !$*UTF8*$!
{
	archiveVersion = 1;
	classes = {
	};
	objectVersion = 46;
	objects = {

/* Begin PBXBuildFile section */
		34145F251FA6D2AF00449581 /* Alamofire.framework in Frameworks */ = {isa = PBXBuildFile; fileRef = 34145F241FA6D2AF00449581 /* Alamofire.framework */; };
		34145F271FA6D90000449581 /* jsonGet.swift in Sources */ = {isa = PBXBuildFile; fileRef = 34145F261FA6D90000449581 /* jsonGet.swift */; };
		34145F2A1FA6FE9F00449581 /* TableViewCell.swift in Sources */ = {isa = PBXBuildFile; fileRef = 34145F281FA6FE9F00449581 /* TableViewCell.swift */; };
		34145F2B1FA6FE9F00449581 /* TableViewCell.xib in Resources */ = {isa = PBXBuildFile; fileRef = 34145F291FA6FE9F00449581 /* TableViewCell.xib */; };
		34145F2D1FA7015C00449581 /* maxresdefault.jpg in Resources */ = {isa = PBXBuildFile; fileRef = 34145F2C1FA7015C00449581 /* maxresdefault.jpg */; };
		345397851FA82E7100A5D7BB /* AGNavigationBarShape.swift in Sources */ = {isa = PBXBuildFile; fileRef = 345397841FA82E7100A5D7BB /* AGNavigationBarShape.swift */; };
		345397871FA84B2200A5D7BB /* TGResultViewController.swift in Sources */ = {isa = PBXBuildFile; fileRef = 345397861FA84B2200A5D7BB /* TGResultViewController.swift */; };
		345397891FA86BF800A5D7BB /* CoreData.framework in Frameworks */ = {isa = PBXBuildFile; fileRef = 345397881FA86BF800A5D7BB /* CoreData.framework */; };
		3464F0A21FA6C8D500E8A9D4 /* AppDelegate.swift in Sources */ = {isa = PBXBuildFile; fileRef = 3464F0A11FA6C8D500E8A9D4 /* AppDelegate.swift */; };
		3464F0A41FA6C8D500E8A9D4 /* ViewController.swift in Sources */ = {isa = PBXBuildFile; fileRef = 3464F0A31FA6C8D500E8A9D4 /* ViewController.swift */; };
		3464F0A71FA6C8D500E8A9D4 /* Main.storyboard in Resources */ = {isa = PBXBuildFile; fileRef = 3464F0A51FA6C8D500E8A9D4 /* Main.storyboard */; };
		3464F0AA1FA6C8D500E8A9D4 /* tyGia.xcdatamodeld in Sources */ = {isa = PBXBuildFile; fileRef = 3464F0A81FA6C8D500E8A9D4 /* tyGia.xcdatamodeld */; };
		3464F0AC1FA6C8D500E8A9D4 /* Assets.xcassets in Resources */ = {isa = PBXBuildFile; fileRef = 3464F0AB1FA6C8D500E8A9D4 /* Assets.xcassets */; };
		3464F0AF1FA6C8D500E8A9D4 /* LaunchScreen.storyboard in Resources */ = {isa = PBXBuildFile; fileRef = 3464F0AD1FA6C8D500E8A9D4 /* LaunchScreen.storyboard */; };
		3479A1671FA964B300081EAB /* viewMore.xib in Resources */ = {isa = PBXBuildFile; fileRef = 3479A1661FA964B300081EAB /* viewMore.xib */; };
		34E9C2E41FA72F82008CB5C7 /* CaculateViewController.swift in Sources */ = {isa = PBXBuildFile; fileRef = 34E9C2E31FA72F82008CB5C7 /* CaculateViewController.swift */; };
		D77D575190E120D38C05B8D3 /* Pods_tyGia.framework in Frameworks */ = {isa = PBXBuildFile; fileRef = 3AEDEC745BDA49C8AACC1288 /* Pods_tyGia.framework */; };
/* End PBXBuildFile section */

/* Begin PBXFileReference section */
		34145F241FA6D2AF00449581 /* Alamofire.framework */ = {isa = PBXFileReference; lastKnownFileType = wrapper.framework; name = Alamofire.framework; path = "../../../../../../Users/adv/Library/Developer/Xcode/DerivedData/tyGia-gdkqhucwcvxygqeovecpozfjthsk/Build/Products/Debug-iphoneos/Alamofire/Alamofire.framework"; sourceTree = "<group>"; };
		34145F261FA6D90000449581 /* jsonGet.swift */ = {isa = PBXFileReference; fileEncoding = 4; lastKnownFileType = sourcecode.swift; path = jsonGet.swift; sourceTree = "<group>"; };
		34145F281FA6FE9F00449581 /* TableViewCell.swift */ = {isa = PBXFileReference; fileEncoding = 4; lastKnownFileType = sourcecode.swift; path = TableViewCell.swift; sourceTree = "<group>"; };
		34145F291FA6FE9F00449581 /* TableViewCell.xib */ = {isa = PBXFileReference; fileEncoding = 4; lastKnownFileType = file.xib; path = TableViewCell.xib; sourceTree = "<group>"; };
		34145F2C1FA7015C00449581 /* maxresdefault.jpg */ = {isa = PBXFileReference; lastKnownFileType = image.jpeg; name = maxresdefault.jpg; path = ../../../../../../../Users/adv/Desktop/maxresdefault.jpg; sourceTree = "<group>"; };
		345397841FA82E7100A5D7BB /* AGNavigationBarShape.swift */ = {isa = PBXFileReference; fileEncoding = 4; lastKnownFileType = sourcecode.swift; path = AGNavigationBarShape.swift; sourceTree = "<group>"; };
		345397861FA84B2200A5D7BB /* TGResultViewController.swift */ = {isa = PBXFileReference; fileEncoding = 4; lastKnownFileType = sourcecode.swift; path = TGResultViewController.swift; sourceTree = "<group>"; };
		345397881FA86BF800A5D7BB /* CoreData.framework */ = {isa = PBXFileReference; lastKnownFileType = wrapper.framework; name = CoreData.framework; path = System/Library/Frameworks/CoreData.framework; sourceTree = SDKROOT; };
		3464F09E1FA6C8D500E8A9D4 /* tyGia.app */ = {isa = PBXFileReference; explicitFileType = wrapper.application; includeInIndex = 0; path = tyGia.app; sourceTree = BUILT_PRODUCTS_DIR; };
		3464F0A11FA6C8D500E8A9D4 /* AppDelegate.swift */ = {isa = PBXFileReference; lastKnownFileType = sourcecode.swift; path = AppDelegate.swift; sourceTree = "<group>"; };
		3464F0A31FA6C8D500E8A9D4 /* ViewController.swift */ = {isa = PBXFileReference; lastKnownFileType = sourcecode.swift; path = ViewController.swift; sourceTree = "<group>"; };
		3464F0A61FA6C8D500E8A9D4 /* Base */ = {isa = PBXFileReference; lastKnownFileType = file.storyboard; name = Base; path = Base.lproj/Main.storyboard; sourceTree = "<group>"; };
		3464F0A91FA6C8D500E8A9D4 /* tyGia.xcdatamodel */ = {isa = PBXFileReference; lastKnownFileType = wrapper.xcdatamodel; path = tyGia.xcdatamodel; sourceTree = "<group>"; };
		3464F0AB1FA6C8D500E8A9D4 /* Assets.xcassets */ = {isa = PBXFileReference; lastKnownFileType = folder.assetcatalog; path = Assets.xcassets; sourceTree = "<group>"; };
		3464F0AE1FA6C8D500E8A9D4 /* Base */ = {isa = PBXFileReference; lastKnownFileType = file.storyboard; name = Base; path = Base.lproj/LaunchScreen.storyboard; sourceTree = "<group>"; };
		3464F0B01FA6C8D500E8A9D4 /* Info.plist */ = {isa = PBXFileReference; lastKnownFileType = text.plist.xml; path = Info.plist; sourceTree = "<group>"; };
		3479A1661FA964B300081EAB /* viewMore.xib */ = {isa = PBXFileReference; fileEncoding = 4; lastKnownFileType = file.xib; path = viewMore.xib; sourceTree = "<group>"; };
		34E9C2E31FA72F82008CB5C7 /* CaculateViewController.swift */ = {isa = PBXFileReference; fileEncoding = 4; lastKnownFileType = sourcecode.swift; path = CaculateViewController.swift; sourceTree = "<group>"; };
		3AEDEC745BDA49C8AACC1288 /* Pods_tyGia.framework */ = {isa = PBXFileReference; explicitFileType = wrapper.framework; includeInIndex = 0; path = Pods_tyGia.framework; sourceTree = BUILT_PRODUCTS_DIR; };
		C9E9AE605F0E2A839C33F482 /* Pods-tyGia.debug.xcconfig */ = {isa = PBXFileReference; includeInIndex = 1; lastKnownFileType = text.xcconfig; name = "Pods-tyGia.debug.xcconfig"; path = "Pods/Target Support Files/Pods-tyGia/Pods-tyGia.debug.xcconfig"; sourceTree = "<group>"; };
		DD54463FC2E741BBDFBBF931 /* Pods-tyGia.release.xcconfig */ = {isa = PBXFileReference; includeInIndex = 1; lastKnownFileType = text.xcconfig; name = "Pods-tyGia.release.xcconfig"; path = "Pods/Target Support Files/Pods-tyGia/Pods-tyGia.release.xcconfig"; sourceTree = "<group>"; };
/* End PBXFileReference section */

/* Begin PBXFrameworksBuildPhase section */
		3464F09B1FA6C8D500E8A9D4 /* Frameworks */ = {
			isa = PBXFrameworksBuildPhase;
			buildActionMask = 2147483647;
			files = (
				345397891FA86BF800A5D7BB /* CoreData.framework in Frameworks */,
				34145F251FA6D2AF00449581 /* Alamofire.framework in Frameworks */,
				D77D575190E120D38C05B8D3 /* Pods_tyGia.framework in Frameworks */,
			);
			runOnlyForDeploymentPostprocessing = 0;
		};
/* End PBXFrameworksBuildPhase section */

/* Begin PBXGroup section */
		3464F0951FA6C8D500E8A9D4 = {
			isa = PBXGroup;
			children = (
				3464F0A01FA6C8D500E8A9D4 /* tyGia */,
				3464F09F1FA6C8D500E8A9D4 /* Products */,
				70430D1C652B0F9D5DEBBF74 /* Pods */,
				41E06D05F981FE27926D6AB7 /* Frameworks */,
			);
			sourceTree = "<group>";
		};
		3464F09F1FA6C8D500E8A9D4 /* Products */ = {
			isa = PBXGroup;
			children = (
				3464F09E1FA6C8D500E8A9D4 /* tyGia.app */,
			);
			name = Products;
			sourceTree = "<group>";
		};
		3464F0A01FA6C8D500E8A9D4 /* tyGia */ = {
			isa = PBXGroup;
			children = (
				3464F0A11FA6C8D500E8A9D4 /* AppDelegate.swift */,
				3464F0A31FA6C8D500E8A9D4 /* ViewController.swift */,
				34145F281FA6FE9F00449581 /* TableViewCell.swift */,
				34E9C2E31FA72F82008CB5C7 /* CaculateViewController.swift */,
				345397841FA82E7100A5D7BB /* AGNavigationBarShape.swift */,
				345397861FA84B2200A5D7BB /* TGResultViewController.swift */,
				34145F291FA6FE9F00449581 /* TableViewCell.xib */,
				3479A1661FA964B300081EAB /* viewMore.xib */,
				34145F261FA6D90000449581 /* jsonGet.swift */,
				3464F0A51FA6C8D500E8A9D4 /* Main.storyboard */,
				34145F2C1FA7015C00449581 /* maxresdefault.jpg */,
				3464F0AB1FA6C8D500E8A9D4 /* Assets.xcassets */,
				3464F0AD1FA6C8D500E8A9D4 /* LaunchScreen.storyboard */,
				3464F0B01FA6C8D500E8A9D4 /* Info.plist */,
				3464F0A81FA6C8D500E8A9D4 /* tyGia.xcdatamodeld */,
			);
			path = tyGia;
			sourceTree = "<group>";
		};
		41E06D05F981FE27926D6AB7 /* Frameworks */ = {
			isa = PBXGroup;
			children = (
				345397881FA86BF800A5D7BB /* CoreData.framework */,
				34145F241FA6D2AF00449581 /* Alamofire.framework */,
				3AEDEC745BDA49C8AACC1288 /* Pods_tyGia.framework */,
			);
			name = Frameworks;
			sourceTree = "<group>";
		};
		70430D1C652B0F9D5DEBBF74 /* Pods */ = {
			isa = PBXGroup;
			children = (
				C9E9AE605F0E2A839C33F482 /* Pods-tyGia.debug.xcconfig */,
				DD54463FC2E741BBDFBBF931 /* Pods-tyGia.release.xcconfig */,
			);
			name = Pods;
			sourceTree = "<group>";
		};
/* End PBXGroup section */

/* Begin PBXNativeTarget section */
		3464F09D1FA6C8D500E8A9D4 /* tyGia */ = {
			isa = PBXNativeTarget;
			buildConfigurationList = 3464F0B31FA6C8D500E8A9D4 /* Build configuration list for PBXNativeTarget "tyGia" */;
			buildPhases = (
				6F69F7AD19BCC7EF11BD00AA /* [CP] Check Pods Manifest.lock */,
				3464F09A1FA6C8D500E8A9D4 /* Sources */,
				3464F09B1FA6C8D500E8A9D4 /* Frameworks */,
				3464F09C1FA6C8D500E8A9D4 /* Resources */,
				ABF7CED8A9270A6AE2186CF9 /* [CP] Embed Pods Frameworks */,
				184B707CFB7B6D6AD1C1E257 /* [CP] Copy Pods Resources */,
			);
			buildRules = (
			);
			dependencies = (
			);
			name = tyGia;
			productName = tyGia;
			productReference = 3464F09E1FA6C8D500E8A9D4 /* tyGia.app */;
			productType = "com.apple.product-type.application";
		};
/* End PBXNativeTarget section */

/* Begin PBXProject section */
		3464F0961FA6C8D500E8A9D4 /* Project object */ = {
			isa = PBXProject;
			attributes = {
				LastSwiftUpdateCheck = 0800;
				LastUpgradeCheck = 0800;
				ORGANIZATIONNAME = AdnetPlus;
				TargetAttributes = {
					3464F09D1FA6C8D500E8A9D4 = {
						CreatedOnToolsVersion = 8.0;
						DevelopmentTeam = VX3NH7X54P;
						ProvisioningStyle = Automatic;
					};
				};
			};
			buildConfigurationList = 3464F0991FA6C8D500E8A9D4 /* Build configuration list for PBXProject "tyGia" */;
			compatibilityVersion = "Xcode 3.2";
			developmentRegion = English;
			hasScannedForEncodings = 0;
			knownRegions = (
				en,
				Base,
			);
			mainGroup = 3464F0951FA6C8D500E8A9D4;
			productRefGroup = 3464F09F1FA6C8D500E8A9D4 /* Products */;
			projectDirPath = "";
			projectRoot = "";
			targets = (
				3464F09D1FA6C8D500E8A9D4 /* tyGia */,
			);
		};
/* End PBXProject section */

/* Begin PBXResourcesBuildPhase section */
		3464F09C1FA6C8D500E8A9D4 /* Resources */ = {
			isa = PBXResourcesBuildPhase;
			buildActionMask = 2147483647;
			files = (
				3464F0AF1FA6C8D500E8A9D4 /* LaunchScreen.storyboard in Resources */,
				34145F2B1FA6FE9F00449581 /* TableViewCell.xib in Resources */,
				34145F2D1FA7015C00449581 /* maxresdefault.jpg in Resources */,
				3464F0AC1FA6C8D500E8A9D4 /* Assets.xcassets in Resources */,
				3479A1671FA964B300081EAB /* viewMore.xib in Resources */,
				3464F0A71FA6C8D500E8A9D4 /* Main.storyboard in Resources */,
			);
			runOnlyForDeploymentPostprocessing = 0;
		};
/* End PBXResourcesBuildPhase section */

/* Begin PBXShellScriptBuildPhase section */
		184B707CFB7B6D6AD1C1E257 /* [CP] Copy Pods Resources */ = {
			isa = PBXShellScriptBuildPhase;
			buildActionMask = 2147483647;
			files = (
			);
			inputPaths = (
			);
			name = "[CP] Copy Pods Resources";
			outputPaths = (
			);
			runOnlyForDeploymentPostprocessing = 0;
			shellPath = /bin/sh;
			shellScript = "\"${SRCROOT}/Pods/Target Support Files/Pods-tyGia/Pods-tyGia-resources.sh\"\n";
			showEnvVarsInLog = 0;
		};
		6F69F7AD19BCC7EF11BD00AA /* [CP] Check Pods Manifest.lock */ = {
			isa = PBXShellScriptBuildPhase;
			buildActionMask = 2147483647;
			files = (
			);
			inputPaths = (
				"${PODS_PODFILE_DIR_PATH}/Podfile.lock",
				"${PODS_ROOT}/Manifest.lock",
			);
			name = "[CP] Check Pods Manifest.lock";
			outputPaths = (
				"$(DERIVED_FILE_DIR)/Pods-tyGia-checkManifestLockResult.txt",
			);
			runOnlyForDeploymentPostprocessing = 0;
			shellPath = /bin/sh;
			shellScript = "diff \"${PODS_PODFILE_DIR_PATH}/Podfile.lock\" \"${PODS_ROOT}/Manifest.lock\" > /dev/null\nif [ $? != 0 ] ; then\n    # print error to STDERR\n    echo \"error: The sandbox is not in sync with the Podfile.lock. Run 'pod install' or update your CocoaPods installation.\" >&2\n    exit 1\nfi\n# This output is used by Xcode 'outputs' to avoid re-running this script phase.\necho \"SUCCESS\" > \"${SCRIPT_OUTPUT_FILE_0}\"\n";
			showEnvVarsInLog = 0;
		};
		ABF7CED8A9270A6AE2186CF9 /* [CP] Embed Pods Frameworks */ = {
			isa = PBXShellScriptBuildPhase;
			buildActionMask = 2147483647;
			files = (
			);
			inputPaths = (
				"${SRCROOT}/Pods/Target Support Files/Pods-tyGia/Pods-tyGia-frameworks.sh",
				"${BUILT_PRODUCTS_DIR}/Alamofire/Alamofire.framework",
			);
			name = "[CP] Embed Pods Frameworks";
			outputPaths = (
				"${TARGET_BUILD_DIR}/${FRAMEWORKS_FOLDER_PATH}/Alamofire.framework",
			);
			runOnlyForDeploymentPostprocessing = 0;
			shellPath = /bin/sh;
			shellScript = "\"${SRCROOT}/Pods/Target Support Files/Pods-tyGia/Pods-tyGia-frameworks.sh\"\n";
			showEnvVarsInLog = 0;
		};
/* End PBXShellScriptBuildPhase section */

/* Begin PBXSourcesBuildPhase section */
		3464F09A1FA6C8D500E8A9D4 /* Sources */ = {
			isa = PBXSourcesBuildPhase;
			buildActionMask = 2147483647;
			files = (
				345397871FA84B2200A5D7BB /* TGResultViewController.swift in Sources */,
				34145F2A1FA6FE9F00449581 /* TableViewCell.swift in Sources */,
				3464F0A41FA6C8D500E8A9D4 /* ViewController.swift in Sources */,
				345397851FA82E7100A5D7BB /* AGNavigationBarShape.swift in Sources */,
				3464F0A21FA6C8D500E8A9D4 /* AppDelegate.swift in Sources */,
				34145F271FA6D90000449581 /* jsonGet.swift in Sources */,
				34E9C2E41FA72F82008CB5C7 /* CaculateViewController.swift in Sources */,
				3464F0AA1FA6C8D500E8A9D4 /* tyGia.xcdatamodeld in Sources */,
			);
			runOnlyForDeploymentPostprocessing = 0;
		};
/* End PBXSourcesBuildPhase section */

/* Begin PBXVariantGroup section */
		3464F0A51FA6C8D500E8A9D4 /* Main.storyboard */ = {
			isa = PBXVariantGroup;
			children = (
				3464F0A61FA6C8D500E8A9D4 /* Base */,
			);
			name = Main.storyboard;
			sourceTree = "<group>";
		};
		3464F0AD1FA6C8D500E8A9D4 /* LaunchScreen.storyboard */ = {
			isa = PBXVariantGroup;
			children = (
				3464F0AE1FA6C8D500E8A9D4 /* Base */,
			);
			name = LaunchScreen.storyboard;
			sourceTree = "<group>";
		};
/* End PBXVariantGroup section */

/* Begin XCBuildConfiguration section */
		3464F0B11FA6C8D500E8A9D4 /* Debug */ = {
			isa = XCBuildConfiguration;
			buildSettings = {
				ALWAYS_SEARCH_USER_PATHS = NO;
				CLANG_ANALYZER_NONNULL = YES;
				CLANG_CXX_LANGUAGE_STANDARD = "gnu++0x";
				CLANG_CXX_LIBRARY = "libc++";
				CLANG_ENABLE_MODULES = YES;
				CLANG_ENABLE_OBJC_ARC = YES;
				CLANG_WARN_BOOL_CONVERSION = YES;
				CLANG_WARN_CONSTANT_CONVERSION = YES;
				CLANG_WARN_DIRECT_OBJC_ISA_USAGE = YES_ERROR;
				CLANG_WARN_DOCUMENTATION_COMMENTS = YES;
				CLANG_WARN_EMPTY_BODY = YES;
				CLANG_WARN_ENUM_CONVERSION = YES;
				CLANG_WARN_INFINITE_RECURSION = YES;
				CLANG_WARN_INT_CONVERSION = YES;
				CLANG_WARN_OBJC_ROOT_CLASS = YES_ERROR;
				CLANG_WARN_SUSPICIOUS_MOVES = YES;
				CLANG_WARN_UNREACHABLE_CODE = YES;
				CLANG_WARN__DUPLICATE_METHOD_MATCH = YES;
				"CODE_SIGN_IDENTITY[sdk=iphoneos*]" = "iPhone Developer";
				COPY_PHASE_STRIP = NO;
				DEBUG_INFORMATION_FORMAT = dwarf;
				ENABLE_STRICT_OBJC_MSGSEND = YES;
				ENABLE_TESTABILITY = YES;
				GCC_C_LANGUAGE_STANDARD = gnu99;
				GCC_DYNAMIC_NO_PIC = NO;
				GCC_NO_COMMON_BLOCKS = YES;
				GCC_OPTIMIZATION_LEVEL = 0;
				GCC_PREPROCESSOR_DEFINITIONS = (
					"DEBUG=1",
					"$(inherited)",
				);
				GCC_WARN_64_TO_32_BIT_CONVERSION = YES;
				GCC_WARN_ABOUT_RETURN_TYPE = YES_ERROR;
				GCC_WARN_UNDECLARED_SELECTOR = YES;
				GCC_WARN_UNINITIALIZED_AUTOS = YES_AGGRESSIVE;
				GCC_WARN_UNUSED_FUNCTION = YES;
				GCC_WARN_UNUSED_VARIABLE = YES;
				IPHONEOS_DEPLOYMENT_TARGET = 10.0;
				MTL_ENABLE_DEBUG_INFO = YES;
				ONLY_ACTIVE_ARCH = YES;
				SDKROOT = iphoneos;
				SWIFT_ACTIVE_COMPILATION_CONDITIONS = DEBUG;
				SWIFT_OPTIMIZATION_LEVEL = "-Onone";
				TARGETED_DEVICE_FAMILY = "1,2";
			};
			name = Debug;
		};
		3464F0B21FA6C8D500E8A9D4 /* Release */ = {
			isa = XCBuildConfiguration;
			buildSettings = {
				ALWAYS_SEARCH_USER_PATHS = NO;
				CLANG_ANALYZER_NONNULL = YES;
				CLANG_CXX_LANGUAGE_STANDARD = "gnu++0x";
				CLANG_CXX_LIBRARY = "libc++";
				CLANG_ENABLE_MODULES = YES;
				CLANG_ENABLE_OBJC_ARC = YES;
				CLANG_WARN_BOOL_CONVERSION = YES;
				CLANG_WARN_CONSTANT_CONVERSION = YES;
				CLANG_WARN_DIRECT_OBJC_ISA_USAGE = YES_ERROR;
				CLANG_WARN_DOCUMENTATION_COMMENTS = YES;
				CLANG_WARN_EMPTY_BODY = YES;
				CLANG_WARN_ENUM_CONVERSION = YES;
				CLANG_WARN_INFINITE_RECURSION = YES;
				CLANG_WARN_INT_CONVERSION = YES;
				CLANG_WARN_OBJC_ROOT_CLASS = YES_ERROR;
				CLANG_WARN_SUSPICIOUS_MOVES = YES;
				CLANG_WARN_UNREACHABLE_CODE = YES;
				CLANG_WARN__DUPLICATE_METHOD_MATCH = YES;
				"CODE_SIGN_IDENTITY[sdk=iphoneos*]" = "iPhone Developer";
				COPY_PHASE_STRIP = NO;
				DEBUG_INFORMATION_FORMAT = "dwarf-with-dsym";
				ENABLE_NS_ASSERTIONS = NO;
				ENABLE_STRICT_OBJC_MSGSEND = YES;
				GCC_C_LANGUAGE_STANDARD = gnu99;
				GCC_NO_COMMON_BLOCKS = YES;
				GCC_WARN_64_TO_32_BIT_CONVERSION = YES;
				GCC_WARN_ABOUT_RETURN_TYPE = YES_ERROR;
				GCC_WARN_UNDECLARED_SELECTOR = YES;
				GCC_WARN_UNINITIALIZED_AUTOS = YES_AGGRESSIVE;
				GCC_WARN_UNUSED_FUNCTION = YES;
				GCC_WARN_UNUSED_VARIABLE = YES;
				IPHONEOS_DEPLOYMENT_TARGET = 10.0;
				MTL_ENABLE_DEBUG_INFO = NO;
				SDKROOT = iphoneos;
				SWIFT_OPTIMIZATION_LEVEL = "-Owholemodule";
				TARGETED_DEVICE_FAMILY = "1,2";
				VALIDATE_PRODUCT = YES;
			};
			name = Release;
		};
		3464F0B41FA6C8D500E8A9D4 /* Debug */ = {
			isa = XCBuildConfiguration;
			baseConfigurationReference = C9E9AE605F0E2A839C33F482 /* Pods-tyGia.debug.xcconfig */;
			buildSettings = {
				ASSETCATALOG_COMPILER_APPICON_NAME = AppIcon;
				DEVELOPMENT_TEAM = VX3NH7X54P;
				INFOPLIST_FILE = tyGia/Info.plist;
				LD_RUNPATH_SEARCH_PATHS = "$(inherited) @executable_path/Frameworks";
				PRODUCT_BUNDLE_IDENTIFIER = com.adnetplus..tyGia;
				PRODUCT_NAME = "$(TARGET_NAME)";
				SWIFT_VERSION = 3.0;
			};
			name = Debug;
		};
		3464F0B51FA6C8D500E8A9D4 /* Release */ = {
			isa = XCBuildConfiguration;
			baseConfigurationReference = DD54463FC2E741BBDFBBF931 /* Pods-tyGia.release.xcconfig */;
			buildSettings = {
				ASSETCATALOG_COMPILER_APPICON_NAME = AppIcon;
				DEVELOPMENT_TEAM = VX3NH7X54P;
				INFOPLIST_FILE = tyGia/Info.plist;
				LD_RUNPATH_SEARCH_PATHS = "$(inherited) @executable_path/Frameworks";
				PRODUCT_BUNDLE_IDENTIFIER = com.adnetplus..tyGia;
				PRODUCT_NAME = "$(TARGET_NAME)";
				SWIFT_VERSION = 3.0;
			};
			name = Release;
		};
/* End XCBuildConfiguration section */

/* Begin XCConfigurationList section */
		3464F0991FA6C8D500E8A9D4 /* Build configuration list for PBXProject "tyGia" */ = {
			isa = XCConfigurationList;
			buildConfigurations = (
				3464F0B11FA6C8D500E8A9D4 /* Debug */,
				3464F0B21FA6C8D500E8A9D4 /* Release */,
			);
			defaultConfigurationIsVisible = 0;
			defaultConfigurationName = Release;
		};
		3464F0B31FA6C8D500E8A9D4 /* Build configuration list for PBXNativeTarget "tyGia" */ = {
			isa = XCConfigurationList;
			buildConfigurations = (
				3464F0B41FA6C8D500E8A9D4 /* Debug */,
				3464F0B51FA6C8D500E8A9D4 /* Release */,
			);
			defaultConfigurationIsVisible = 0;
			defaultConfigurationName = Release;
		};
/* End XCConfigurationList section */

/* Begin XCVersionGroup section */
		3464F0A81FA6C8D500E8A9D4 /* tyGia.xcdatamodeld */ = {
			isa = XCVersionGroup;
			children = (
				3464F0A91FA6C8D500E8A9D4 /* tyGia.xcdatamodel */,
			);
			currentVersion = 3464F0A91FA6C8D500E8A9D4 /* tyGia.xcdatamodel */;
			path = tyGia.xcdatamodeld;
			sourceTree = "<group>";
			versionGroupType = wrapper.xcdatamodel;
		};
/* End XCVersionGroup section */
	};
	rootObject = 3464F0961FA6C8D500E8A9D4 /* Project object */;
}
